
Microsoft Visual Studio Solution File, Format Version 12.00
# Visual Studio Version 16
VisualStudioVersion = 16.0.31515.178
MinimumVisualStudioVersion = 10.0.40219.1
Project("{FAE04EC0-301F-11D3-BF4B-00C04F79EFBC}") = "JwtAuthorisationProj", "JwtAuthorisationProj.csproj", "{72693C74-E872-4431-8902-9659CBB7B883}"
EndProject
Global
	GlobalSection(SolutionConfigurationPlatforms) = preSolution
		Debug|Any CPU = Debug|Any CPU
		Release|Any CPU = Release|Any CPU
	EndGlobalSection
	GlobalSection(ProjectConfigurationPlatforms) = postSolution
		{72693C74-E872-4431-8902-9659CBB7B883}.Debug|Any CPU.ActiveCfg = Debug|Any CPU
		{72693C74-E872-4431-8902-9659CBB7B883}.Debug|Any CPU.Build.0 = Debug|Any CPU
		{72693C74-E872-4431-8902-9659CBB7B883}.Release|Any CPU.ActiveCfg = Release|Any CPU
		{72693C74-E872-4431-8902-9659CBB7B883}.Release|Any CPU.Build.0 = Release|Any CPU
	EndGlobalSection
	GlobalSection(SolutionProperties) = preSolution
		HideSolutionNode = FALSE
	EndGlobalSection
	GlobalSection(ExtensibilityGlobals) = postSolution
		SolutionGuid = {624C5A74-1EB5-4CD2-A5E1-E69C45C562F0}
	EndGlobalSection
EndGlobal
